
Microsoft Visual Studio Solution File, Format Version 12.00
# Visual Studio Version 17
VisualStudioVersion = 17.6.33829.357
MinimumVisualStudioVersion = 10.0.40219.1
Project("{9A19103F-16F7-4668-BE54-9A1E7A4F7556}") = "PoesiaFacil", "PoesiaFacil\PoesiaFacil.csproj", "{A5D3BA70-ACB8-4088-A9B3-E3D0B1500EEF}"
EndProject
Project("{2150E333-8FDC-42A3-9474-1A3956D46DE8}") = "Itens de Solução", "Itens de Solução", "{1662D6DB-5BB7-49CA-B5C5-4FF963EDC1CF}"
	ProjectSection(SolutionItems) = preProject
		NextSteps.txt = NextSteps.txt
	EndProjectSection
EndProject
Project("{FAE04EC0-301F-11D3-BF4B-00C04F79EFBC}") = "PoesiaFacil.Tests", "PoesiaFacil.Tests\PoesiaFacil.Tests.csproj", "{60351513-A1A0-4975-A7A9-7B73EF9A2424}"
EndProject
Global
	GlobalSection(SolutionConfigurationPlatforms) = preSolution
		Debug|Any CPU = Debug|Any CPU
		Release|Any CPU = Release|Any CPU
	EndGlobalSection
	GlobalSection(ProjectConfigurationPlatforms) = postSolution
		{A5D3BA70-ACB8-4088-A9B3-E3D0B1500EEF}.Debug|Any CPU.ActiveCfg = Debug|Any CPU
		{A5D3BA70-ACB8-4088-A9B3-E3D0B1500EEF}.Debug|Any CPU.Build.0 = Debug|Any CPU
		{A5D3BA70-ACB8-4088-A9B3-E3D0B1500EEF}.Release|Any CPU.ActiveCfg = Release|Any CPU
		{A5D3BA70-ACB8-4088-A9B3-E3D0B1500EEF}.Release|Any CPU.Build.0 = Release|Any CPU
		{60351513-A1A0-4975-A7A9-7B73EF9A2424}.Debug|Any CPU.ActiveCfg = Debug|Any CPU
		{60351513-A1A0-4975-A7A9-7B73EF9A2424}.Debug|Any CPU.Build.0 = Debug|Any CPU
		{60351513-A1A0-4975-A7A9-7B73EF9A2424}.Release|Any CPU.ActiveCfg = Release|Any CPU
		{60351513-A1A0-4975-A7A9-7B73EF9A2424}.Release|Any CPU.Build.0 = Release|Any CPU
	EndGlobalSection
	GlobalSection(SolutionProperties) = preSolution
		HideSolutionNode = FALSE
	EndGlobalSection
	GlobalSection(ExtensibilityGlobals) = postSolution
		SolutionGuid = {17B8A6B6-2392-479C-B510-1F0BCA3A4195}
	EndGlobalSection
EndGlobal
